// !$*UTF8*$!
{
	archiveVersion = 1;
	classes = {
	};
	objectVersion = 51;
	objects = {

/* Begin PBXBuildFile section */
		492DCF80269D4D4F00BB22ED /* URLBuilderManager.swift in Sources */ = {isa = PBXBuildFile; fileRef = 492DCF7F269D4D4F00BB22ED /* URLBuilderManager.swift */; };
		4948570A26B13FA2001906A7 /* RideDetailViewController.swift in Sources */ = {isa = PBXBuildFile; fileRef = 4948570926B13FA2001906A7 /* RideDetailViewController.swift */; };
		49487F0926A8FA2D00132BAB /* CreatePartyPaceRideExtension.swift in Sources */ = {isa = PBXBuildFile; fileRef = 49487F0826A8FA2D00132BAB /* CreatePartyPaceRideExtension.swift */; };
		4951B60F2689662300ADD5AA /* RideViewController.swift in Sources */ = {isa = PBXBuildFile; fileRef = 4951B60E2689662300ADD5AA /* RideViewController.swift */; };
		498DDA5E2699663300D67C73 /* OptionsForRide.swift in Sources */ = {isa = PBXBuildFile; fileRef = 498DDA5D2699663300D67C73 /* OptionsForRide.swift */; };
		49903C51267C6AE600814BA6 /* AppDelegate.swift in Sources */ = {isa = PBXBuildFile; fileRef = 49903C50267C6AE600814BA6 /* AppDelegate.swift */; };
		49903C53267C6AE600814BA6 /* SceneDelegate.swift in Sources */ = {isa = PBXBuildFile; fileRef = 49903C52267C6AE600814BA6 /* SceneDelegate.swift */; };
		49903C55267C6AE600814BA6 /* RideSettingsConfirmationViewController.swift in Sources */ = {isa = PBXBuildFile; fileRef = 49903C54267C6AE600814BA6 /* RideSettingsConfirmationViewController.swift */; };
		49903C58267C6AE600814BA6 /* Main.storyboard in Resources */ = {isa = PBXBuildFile; fileRef = 49903C56267C6AE600814BA6 /* Main.storyboard */; };
		49903C5A267C6AE700814BA6 /* Assets.xcassets in Resources */ = {isa = PBXBuildFile; fileRef = 49903C59267C6AE700814BA6 /* Assets.xcassets */; };
		49903C5D267C6AE700814BA6 /* LaunchScreen.storyboard in Resources */ = {isa = PBXBuildFile; fileRef = 49903C5B267C6AE700814BA6 /* LaunchScreen.storyboard */; };
		49903C65267C6B6B00814BA6 /* Person.swift in Sources */ = {isa = PBXBuildFile; fileRef = 49903C64267C6B6B00814BA6 /* Person.swift */; };
		49903C6C267DB5EC00814BA6 /* RideOrganizationViewController.swift in Sources */ = {isa = PBXBuildFile; fileRef = 49903C6B267DB5EC00814BA6 /* RideOrganizationViewController.swift */; };
		49903C6E267DBA4C00814BA6 /* RideWithUserPreferences.swift in Sources */ = {isa = PBXBuildFile; fileRef = 49903C6D267DBA4C00814BA6 /* RideWithUserPreferences.swift */; };
		49B2AB17269396D4002FBAF3 /* miniMap.swift in Sources */ = {isa = PBXBuildFile; fileRef = 49B2AB16269396D4002FBAF3 /* miniMap.swift */; };
		49B2AB192693A5FC002FBAF3 /* GoogleService-Info.plist in Resources */ = {isa = PBXBuildFile; fileRef = 49B2AB182693A5FC002FBAF3 /* GoogleService-Info.plist */; };
		49B4BFF126AE00AD0066ED17 /* RWGPSAuthViewController.swift in Sources */ = {isa = PBXBuildFile; fileRef = 49B4BFF026AE00AD0066ED17 /* RWGPSAuthViewController.swift */; };
		49B4BFF326AE907F0066ED17 /* StartPointViewController.swift in Sources */ = {isa = PBXBuildFile; fileRef = 49B4BFF226AE907F0066ED17 /* StartPointViewController.swift */; };
		49BB56BD26A4A4FA0069FCD0 /* JSONhelper.swift in Sources */ = {isa = PBXBuildFile; fileRef = 49BB56BC26A4A4FA0069FCD0 /* JSONhelper.swift */; };
		49BB56C126A4B8650069FCD0 /* FindPartyPaceRidesViewController.swift in Sources */ = {isa = PBXBuildFile; fileRef = 49BB56C026A4B8650069FCD0 /* FindPartyPaceRidesViewController.swift */; };
		49F1884B268EEA4E008BAAEA /* JSON.swift in Sources */ = {isa = PBXBuildFile; fileRef = 49F1884A268EEA4E008BAAEA /* JSON.swift */; };
		49FDFD2E267FF08100535301 /* MapViewController.swift in Sources */ = {isa = PBXBuildFile; fileRef = 49FDFD2D267FF08100535301 /* MapViewController.swift */; };
		B7F07FEAC634509A9288BB1F /* Pods_PartyPace.framework in Frameworks */ = {isa = PBXBuildFile; fileRef = 437F9E8FFDBF5F801D06BCA2 /* Pods_PartyPace.framework */; };
/* End PBXBuildFile section */

/* Begin PBXFileReference section */
		3A630C538408D9D823BC97C6 /* Pods-PartyPace.debug.xcconfig */ = {isa = PBXFileReference; includeInIndex = 1; lastKnownFileType = text.xcconfig; name = "Pods-PartyPace.debug.xcconfig"; path = "Target Support Files/Pods-PartyPace/Pods-PartyPace.debug.xcconfig"; sourceTree = "<group>"; };
		437F9E8FFDBF5F801D06BCA2 /* Pods_PartyPace.framework */ = {isa = PBXFileReference; explicitFileType = wrapper.framework; includeInIndex = 0; path = Pods_PartyPace.framework; sourceTree = BUILT_PRODUCTS_DIR; };
		492DCF7F269D4D4F00BB22ED /* URLBuilderManager.swift */ = {isa = PBXFileReference; lastKnownFileType = sourcecode.swift; path = URLBuilderManager.swift; sourceTree = "<group>"; };
		4948570926B13FA2001906A7 /* RideDetailViewController.swift */ = {isa = PBXFileReference; lastKnownFileType = sourcecode.swift; path = RideDetailViewController.swift; sourceTree = "<group>"; };
		49487F0826A8FA2D00132BAB /* CreatePartyPaceRideExtension.swift */ = {isa = PBXFileReference; lastKnownFileType = sourcecode.swift; path = CreatePartyPaceRideExtension.swift; sourceTree = "<group>"; };
		4951B60E2689662300ADD5AA /* RideViewController.swift */ = {isa = PBXFileReference; lastKnownFileType = sourcecode.swift; path = RideViewController.swift; sourceTree = "<group>"; };
		498DDA5D2699663300D67C73 /* OptionsForRide.swift */ = {isa = PBXFileReference; lastKnownFileType = sourcecode.swift; path = OptionsForRide.swift; sourceTree = "<group>"; };
		49903C4D267C6AE600814BA6 /* PartyPace.app */ = {isa = PBXFileReference; explicitFileType = wrapper.application; includeInIndex = 0; path = PartyPace.app; sourceTree = BUILT_PRODUCTS_DIR; };
		49903C50267C6AE600814BA6 /* AppDelegate.swift */ = {isa = PBXFileReference; lastKnownFileType = sourcecode.swift; path = AppDelegate.swift; sourceTree = "<group>"; };
		49903C52267C6AE600814BA6 /* SceneDelegate.swift */ = {isa = PBXFileReference; lastKnownFileType = sourcecode.swift; path = SceneDelegate.swift; sourceTree = "<group>"; };
		49903C54267C6AE600814BA6 /* RideSettingsConfirmationViewController.swift */ = {isa = PBXFileReference; lastKnownFileType = sourcecode.swift; path = RideSettingsConfirmationViewController.swift; sourceTree = "<group>"; };
		49903C57267C6AE600814BA6 /* Base */ = {isa = PBXFileReference; lastKnownFileType = file.storyboard; name = Base; path = Base.lproj/Main.storyboard; sourceTree = "<group>"; };
		49903C59267C6AE700814BA6 /* Assets.xcassets */ = {isa = PBXFileReference; lastKnownFileType = folder.assetcatalog; path = Assets.xcassets; sourceTree = "<group>"; };
		49903C5C267C6AE700814BA6 /* Base */ = {isa = PBXFileReference; lastKnownFileType = file.storyboard; name = Base; path = Base.lproj/LaunchScreen.storyboard; sourceTree = "<group>"; };
		49903C5E267C6AE700814BA6 /* Info.plist */ = {isa = PBXFileReference; lastKnownFileType = text.plist.xml; path = Info.plist; sourceTree = "<group>"; };
		49903C64267C6B6B00814BA6 /* Person.swift */ = {isa = PBXFileReference; lastKnownFileType = sourcecode.swift; name = Person.swift; path = ../Models/Person.swift; sourceTree = "<group>"; };
		49903C6B267DB5EC00814BA6 /* RideOrganizationViewController.swift */ = {isa = PBXFileReference; lastKnownFileType = sourcecode.swift; path = RideOrganizationViewController.swift; sourceTree = "<group>"; };
		49903C6D267DBA4C00814BA6 /* RideWithUserPreferences.swift */ = {isa = PBXFileReference; lastKnownFileType = sourcecode.swift; path = RideWithUserPreferences.swift; sourceTree = "<group>"; };
		49B2AB16269396D4002FBAF3 /* miniMap.swift */ = {isa = PBXFileReference; lastKnownFileType = sourcecode.swift; path = miniMap.swift; sourceTree = "<group>"; };
		49B2AB182693A5FC002FBAF3 /* GoogleService-Info.plist */ = {isa = PBXFileReference; fileEncoding = 4; lastKnownFileType = text.plist.xml; path = "GoogleService-Info.plist"; sourceTree = "<group>"; };
		49B4BFF026AE00AD0066ED17 /* RWGPSAuthViewController.swift */ = {isa = PBXFileReference; lastKnownFileType = sourcecode.swift; path = RWGPSAuthViewController.swift; sourceTree = "<group>"; };
		49B4BFF226AE907F0066ED17 /* StartPointViewController.swift */ = {isa = PBXFileReference; lastKnownFileType = sourcecode.swift; path = StartPointViewController.swift; sourceTree = "<group>"; };
		49BB56BC26A4A4FA0069FCD0 /* JSONhelper.swift */ = {isa = PBXFileReference; lastKnownFileType = sourcecode.swift; path = JSONhelper.swift; sourceTree = "<group>"; };
		49BB56C026A4B8650069FCD0 /* FindPartyPaceRidesViewController.swift */ = {isa = PBXFileReference; lastKnownFileType = sourcecode.swift; path = FindPartyPaceRidesViewController.swift; sourceTree = "<group>"; };
		49F1884A268EEA4E008BAAEA /* JSON.swift */ = {isa = PBXFileReference; fileEncoding = 4; lastKnownFileType = sourcecode.swift; path = JSON.swift; sourceTree = "<group>"; };
		49FDFD2D267FF08100535301 /* MapViewController.swift */ = {isa = PBXFileReference; lastKnownFileType = sourcecode.swift; path = MapViewController.swift; sourceTree = "<group>"; };
		92815B08FAB1E9B2B9BE55B7 /* Pods-PartyPace.release.xcconfig */ = {isa = PBXFileReference; includeInIndex = 1; lastKnownFileType = text.xcconfig; name = "Pods-PartyPace.release.xcconfig"; path = "Target Support Files/Pods-PartyPace/Pods-PartyPace.release.xcconfig"; sourceTree = "<group>"; };
/* End PBXFileReference section */

/* Begin PBXFrameworksBuildPhase section */
		49903C4A267C6AE500814BA6 /* Frameworks */ = {
			isa = PBXFrameworksBuildPhase;
			buildActionMask = 2147483647;
			files = (
				B7F07FEAC634509A9288BB1F /* Pods_PartyPace.framework in Frameworks */,
			);
			runOnlyForDeploymentPostprocessing = 0;
		};
/* End PBXFrameworksBuildPhase section */

/* Begin PBXGroup section */
		417CFF771F8D1E5D850A1C30 /* Pods */ = {
			isa = PBXGroup;
			children = (
				3A630C538408D9D823BC97C6 /* Pods-PartyPace.debug.xcconfig */,
				92815B08FAB1E9B2B9BE55B7 /* Pods-PartyPace.release.xcconfig */,
			);
			path = Pods;
			sourceTree = "<group>";
		};
		4948570826B126E8001906A7 /* Archive */ = {
			isa = PBXGroup;
			children = (
				4951B60E2689662300ADD5AA /* RideViewController.swift */,
			);
			path = Archive;
			sourceTree = "<group>";
		};
		49487F0726A8FA0A00132BAB /* Exensions */ = {
			isa = PBXGroup;
			children = (
				49487F0826A8FA2D00132BAB /* CreatePartyPaceRideExtension.swift */,
			);
			path = Exensions;
			sourceTree = "<group>";
		};
		49903C44267C6AE500814BA6 = {
			isa = PBXGroup;
			children = (
				49903C4F267C6AE600814BA6 /* PartyPace */,
				49903C4E267C6AE600814BA6 /* Products */,
				417CFF771F8D1E5D850A1C30 /* Pods */,
				74BFBE41A2434B453D96DCA5 /* Frameworks */,
			);
			sourceTree = "<group>";
		};
		49903C4E267C6AE600814BA6 /* Products */ = {
			isa = PBXGroup;
			children = (
				49903C4D267C6AE600814BA6 /* PartyPace.app */,
			);
			name = Products;
			sourceTree = "<group>";
		};
		49903C4F267C6AE600814BA6 /* PartyPace */ = {
			isa = PBXGroup;
			children = (
				49903C56267C6AE600814BA6 /* Main.storyboard */,
				49FDFD2C267FF02200535301 /* ViewControllers */,
				49903C66267C6B7500814BA6 /* Models */,
				49903C50267C6AE600814BA6 /* AppDelegate.swift */,
				49903C52267C6AE600814BA6 /* SceneDelegate.swift */,
				49903C59267C6AE700814BA6 /* Assets.xcassets */,
				49903C5B267C6AE700814BA6 /* LaunchScreen.storyboard */,
				4948570826B126E8001906A7 /* Archive */,
				49903C5E267C6AE700814BA6 /* Info.plist */,
				49B2AB182693A5FC002FBAF3 /* GoogleService-Info.plist */,
				49903C6B267DB5EC00814BA6 /* RideOrganizationViewController.swift */,
			);
			path = PartyPace;
			sourceTree = "<group>";
		};
		49903C66267C6B7500814BA6 /* Models */ = {
			isa = PBXGroup;
			children = (
				49903C64267C6B6B00814BA6 /* Person.swift */,
				49903C6D267DBA4C00814BA6 /* RideWithUserPreferences.swift */,
				498DDA5D2699663300D67C73 /* OptionsForRide.swift */,
				492DCF7F269D4D4F00BB22ED /* URLBuilderManager.swift */,
				49F1884A268EEA4E008BAAEA /* JSON.swift */,
				49BB56BC26A4A4FA0069FCD0 /* JSONhelper.swift */,
			);
			path = Models;
			sourceTree = "<group>";
		};
		49FDFD2C267FF02200535301 /* ViewControllers */ = {
			isa = PBXGroup;
			children = (
				49487F0726A8FA0A00132BAB /* Exensions */,
				49903C54267C6AE600814BA6 /* RideSettingsConfirmationViewController.swift */,
				49B4BFF226AE907F0066ED17 /* StartPointViewController.swift */,
				49FDFD2D267FF08100535301 /* MapViewController.swift */,
				49BB56C026A4B8650069FCD0 /* FindPartyPaceRidesViewController.swift */,
				49B2AB16269396D4002FBAF3 /* miniMap.swift */,
				49B4BFF026AE00AD0066ED17 /* RWGPSAuthViewController.swift */,
				4948570926B13FA2001906A7 /* RideDetailViewController.swift */,
			);
			path = ViewControllers;
			sourceTree = "<group>";
		};
		74BFBE41A2434B453D96DCA5 /* Frameworks */ = {
			isa = PBXGroup;
			children = (
				437F9E8FFDBF5F801D06BCA2 /* Pods_PartyPace.framework */,
			);
			name = Frameworks;
			sourceTree = "<group>";
		};
/* End PBXGroup section */

/* Begin PBXNativeTarget section */
		49903C4C267C6AE500814BA6 /* PartyPace */ = {
			isa = PBXNativeTarget;
			buildConfigurationList = 49903C61267C6AE700814BA6 /* Build configuration list for PBXNativeTarget "PartyPace" */;
			buildPhases = (
				91712831ED034FBC663CED60 /* [CP] Check Pods Manifest.lock */,
				49903C49267C6AE500814BA6 /* Sources */,
				49903C4A267C6AE500814BA6 /* Frameworks */,
				49903C4B267C6AE500814BA6 /* Resources */,
				931A23FD34DB2C0A6AB0CA1D /* [CP] Embed Pods Frameworks */,
			);
			buildRules = (
			);
			dependencies = (
			);
			name = PartyPace;
			productName = PartyPace;
			productReference = 49903C4D267C6AE600814BA6 /* PartyPace.app */;
			productType = "com.apple.product-type.application";
		};
/* End PBXNativeTarget section */

/* Begin PBXProject section */
		49903C45267C6AE500814BA6 /* Project object */ = {
			isa = PBXProject;
			attributes = {
				LastSwiftUpdateCheck = 1250;
				LastUpgradeCheck = 1250;
				TargetAttributes = {
					49903C4C267C6AE500814BA6 = {
						CreatedOnToolsVersion = 12.5;
					};
				};
			};
			buildConfigurationList = 49903C48267C6AE500814BA6 /* Build configuration list for PBXProject "PartyPace" */;
			compatibilityVersion = "Xcode 9.3";
			developmentRegion = en;
			hasScannedForEncodings = 0;
			knownRegions = (
				en,
				Base,
			);
			mainGroup = 49903C44267C6AE500814BA6;
			productRefGroup = 49903C4E267C6AE600814BA6 /* Products */;
			projectDirPath = "";
			projectRoot = "";
			targets = (
				49903C4C267C6AE500814BA6 /* PartyPace */,
			);
		};
/* End PBXProject section */

/* Begin PBXResourcesBuildPhase section */
		49903C4B267C6AE500814BA6 /* Resources */ = {
			isa = PBXResourcesBuildPhase;
			buildActionMask = 2147483647;
			files = (
				49903C5D267C6AE700814BA6 /* LaunchScreen.storyboard in Resources */,
				49B2AB192693A5FC002FBAF3 /* GoogleService-Info.plist in Resources */,
				49903C5A267C6AE700814BA6 /* Assets.xcassets in Resources */,
				49903C58267C6AE600814BA6 /* Main.storyboard in Resources */,
			);
			runOnlyForDeploymentPostprocessing = 0;
		};
/* End PBXResourcesBuildPhase section */

/* Begin PBXShellScriptBuildPhase section */
		91712831ED034FBC663CED60 /* [CP] Check Pods Manifest.lock */ = {
			isa = PBXShellScriptBuildPhase;
			buildActionMask = 2147483647;
			files = (
			);
			inputFileListPaths = (
			);
			inputPaths = (
				"${PODS_PODFILE_DIR_PATH}/Podfile.lock",
				"${PODS_ROOT}/Manifest.lock",
			);
			name = "[CP] Check Pods Manifest.lock";
			outputFileListPaths = (
			);
			outputPaths = (
				"$(DERIVED_FILE_DIR)/Pods-PartyPace-checkManifestLockResult.txt",
			);
			runOnlyForDeploymentPostprocessing = 0;
			shellPath = /bin/sh;
			shellScript = "diff \"${PODS_PODFILE_DIR_PATH}/Podfile.lock\" \"${PODS_ROOT}/Manifest.lock\" > /dev/null\nif [ $? != 0 ] ; then\n    # print error to STDERR\n    echo \"error: The sandbox is not in sync with the Podfile.lock. Run 'pod install' or update your CocoaPods installation.\" >&2\n    exit 1\nfi\n# This output is used by Xcode 'outputs' to avoid re-running this script phase.\necho \"SUCCESS\" > \"${SCRIPT_OUTPUT_FILE_0}\"\n";
			showEnvVarsInLog = 0;
		};
		931A23FD34DB2C0A6AB0CA1D /* [CP] Embed Pods Frameworks */ = {
			isa = PBXShellScriptBuildPhase;
			buildActionMask = 2147483647;
			files = (
			);
			inputFileListPaths = (
				"${PODS_ROOT}/Target Support Files/Pods-PartyPace/Pods-PartyPace-frameworks-${CONFIGURATION}-input-files.xcfilelist",
			);
			name = "[CP] Embed Pods Frameworks";
			outputFileListPaths = (
				"${PODS_ROOT}/Target Support Files/Pods-PartyPace/Pods-PartyPace-frameworks-${CONFIGURATION}-output-files.xcfilelist",
			);
			runOnlyForDeploymentPostprocessing = 0;
			shellPath = /bin/sh;
			shellScript = "\"${PODS_ROOT}/Target Support Files/Pods-PartyPace/Pods-PartyPace-frameworks.sh\"\n";
			showEnvVarsInLog = 0;
		};
/* End PBXShellScriptBuildPhase section */

/* Begin PBXSourcesBuildPhase section */
		49903C49267C6AE500814BA6 /* Sources */ = {
			isa = PBXSourcesBuildPhase;
			buildActionMask = 2147483647;
			files = (
				49903C55267C6AE600814BA6 /* RideSettingsConfirmationViewController.swift in Sources */,
				4948570A26B13FA2001906A7 /* RideDetailViewController.swift in Sources */,
				498DDA5E2699663300D67C73 /* OptionsForRide.swift in Sources */,
				49903C51267C6AE600814BA6 /* AppDelegate.swift in Sources */,
				49903C6C267DB5EC00814BA6 /* RideOrganizationViewController.swift in Sources */,
				49F1884B268EEA4E008BAAEA /* JSON.swift in Sources */,
				49903C65267C6B6B00814BA6 /* Person.swift in Sources */,
				49903C53267C6AE600814BA6 /* SceneDelegate.swift in Sources */,
				49903C6E267DBA4C00814BA6 /* RideWithUserPreferences.swift in Sources */,
				4951B60F2689662300ADD5AA /* RideViewController.swift in Sources */,
				49B4BFF326AE907F0066ED17 /* StartPointViewController.swift in Sources */,
				49BB56C126A4B8650069FCD0 /* FindPartyPaceRidesViewController.swift in Sources */,
				49487F0926A8FA2D00132BAB /* CreatePartyPaceRideExtension.swift in Sources */,
				49FDFD2E267FF08100535301 /* MapViewController.swift in Sources */,
				49B4BFF126AE00AD0066ED17 /* RWGPSAuthViewController.swift in Sources */,
				49B2AB17269396D4002FBAF3 /* miniMap.swift in Sources */,
				49BB56BD26A4A4FA0069FCD0 /* JSONhelper.swift in Sources */,
				492DCF80269D4D4F00BB22ED /* URLBuilderManager.swift in Sources */,
			);
			runOnlyForDeploymentPostprocessing = 0;
		};
/* End PBXSourcesBuildPhase section */

/* Begin PBXVariantGroup section */
		49903C56267C6AE600814BA6 /* Main.storyboard */ = {
			isa = PBXVariantGroup;
			children = (
				49903C57267C6AE600814BA6 /* Base */,
			);
			name = Main.storyboard;
			sourceTree = "<group>";
		};
		49903C5B267C6AE700814BA6 /* LaunchScreen.storyboard */ = {
			isa = PBXVariantGroup;
			children = (
				49903C5C267C6AE700814BA6 /* Base */,
			);
			name = LaunchScreen.storyboard;
			sourceTree = "<group>";
		};
/* End PBXVariantGroup section */

/* Begin XCBuildConfiguration section */
		49903C5F267C6AE700814BA6 /* Debug */ = {
			isa = XCBuildConfiguration;
			buildSettings = {
				ALWAYS_SEARCH_USER_PATHS = NO;
				CLANG_ANALYZER_NONNULL = YES;
				CLANG_ANALYZER_NUMBER_OBJECT_CONVERSION = YES_AGGRESSIVE;
				CLANG_CXX_LANGUAGE_STANDARD = "gnu++14";
				CLANG_CXX_LIBRARY = "libc++";
				CLANG_ENABLE_MODULES = YES;
				CLANG_ENABLE_OBJC_ARC = YES;
				CLANG_ENABLE_OBJC_WEAK = YES;
				CLANG_WARN_BLOCK_CAPTURE_AUTORELEASING = YES;
				CLANG_WARN_BOOL_CONVERSION = YES;
				CLANG_WARN_COMMA = YES;
				CLANG_WARN_CONSTANT_CONVERSION = YES;
				CLANG_WARN_DEPRECATED_OBJC_IMPLEMENTATIONS = YES;
				CLANG_WARN_DIRECT_OBJC_ISA_USAGE = YES_ERROR;
				CLANG_WARN_DOCUMENTATION_COMMENTS = YES;
				CLANG_WARN_EMPTY_BODY = YES;
				CLANG_WARN_ENUM_CONVERSION = YES;
				CLANG_WARN_INFINITE_RECURSION = YES;
				CLANG_WARN_INT_CONVERSION = YES;
				CLANG_WARN_NON_LITERAL_NULL_CONVERSION = YES;
				CLANG_WARN_OBJC_IMPLICIT_RETAIN_SELF = YES;
				CLANG_WARN_OBJC_LITERAL_CONVERSION = YES;
				CLANG_WARN_OBJC_ROOT_CLASS = YES_ERROR;
				CLANG_WARN_QUOTED_INCLUDE_IN_FRAMEWORK_HEADER = YES;
				CLANG_WARN_RANGE_LOOP_ANALYSIS = YES;
				CLANG_WARN_STRICT_PROTOTYPES = YES;
				CLANG_WARN_SUSPICIOUS_MOVE = YES;
				CLANG_WARN_UNGUARDED_AVAILABILITY = YES_AGGRESSIVE;
				CLANG_WARN_UNREACHABLE_CODE = YES;
				CLANG_WARN__DUPLICATE_METHOD_MATCH = YES;
				COPY_PHASE_STRIP = NO;
				DEBUG_INFORMATION_FORMAT = dwarf;
				ENABLE_STRICT_OBJC_MSGSEND = YES;
				ENABLE_TESTABILITY = YES;
				GCC_C_LANGUAGE_STANDARD = gnu11;
				GCC_DYNAMIC_NO_PIC = NO;
				GCC_NO_COMMON_BLOCKS = YES;
				GCC_OPTIMIZATION_LEVEL = 0;
				GCC_PREPROCESSOR_DEFINITIONS = (
					"DEBUG=1",
					"$(inherited)",
				);
				GCC_WARN_64_TO_32_BIT_CONVERSION = YES;
				GCC_WARN_ABOUT_RETURN_TYPE = YES_ERROR;
				GCC_WARN_UNDECLARED_SELECTOR = YES;
				GCC_WARN_UNINITIALIZED_AUTOS = YES_AGGRESSIVE;
				GCC_WARN_UNUSED_FUNCTION = YES;
				GCC_WARN_UNUSED_VARIABLE = YES;
				IPHONEOS_DEPLOYMENT_TARGET = 14.5;
				MTL_ENABLE_DEBUG_INFO = INCLUDE_SOURCE;
				MTL_FAST_MATH = YES;
				ONLY_ACTIVE_ARCH = YES;
				SDKROOT = iphoneos;
				SWIFT_ACTIVE_COMPILATION_CONDITIONS = DEBUG;
				SWIFT_OPTIMIZATION_LEVEL = "-Onone";
			};
			name = Debug;
		};
		49903C60267C6AE700814BA6 /* Release */ = {
			isa = XCBuildConfiguration;
			buildSettings = {
				ALWAYS_SEARCH_USER_PATHS = NO;
				CLANG_ANALYZER_NONNULL = YES;
				CLANG_ANALYZER_NUMBER_OBJECT_CONVERSION = YES_AGGRESSIVE;
				CLANG_CXX_LANGUAGE_STANDARD = "gnu++14";
				CLANG_CXX_LIBRARY = "libc++";
				CLANG_ENABLE_MODULES = YES;
				CLANG_ENABLE_OBJC_ARC = YES;
				CLANG_ENABLE_OBJC_WEAK = YES;
				CLANG_WARN_BLOCK_CAPTURE_AUTORELEASING = YES;
				CLANG_WARN_BOOL_CONVERSION = YES;
				CLANG_WARN_COMMA = YES;
				CLANG_WARN_CONSTANT_CONVERSION = YES;
				CLANG_WARN_DEPRECATED_OBJC_IMPLEMENTATIONS = YES;
				CLANG_WARN_DIRECT_OBJC_ISA_USAGE = YES_ERROR;
				CLANG_WARN_DOCUMENTATION_COMMENTS = YES;
				CLANG_WARN_EMPTY_BODY = YES;
				CLANG_WARN_ENUM_CONVERSION = YES;
				CLANG_WARN_INFINITE_RECURSION = YES;
				CLANG_WARN_INT_CONVERSION = YES;
				CLANG_WARN_NON_LITERAL_NULL_CONVERSION = YES;
				CLANG_WARN_OBJC_IMPLICIT_RETAIN_SELF = YES;
				CLANG_WARN_OBJC_LITERAL_CONVERSION = YES;
				CLANG_WARN_OBJC_ROOT_CLASS = YES_ERROR;
				CLANG_WARN_QUOTED_INCLUDE_IN_FRAMEWORK_HEADER = YES;
				CLANG_WARN_RANGE_LOOP_ANALYSIS = YES;
				CLANG_WARN_STRICT_PROTOTYPES = YES;
				CLANG_WARN_SUSPICIOUS_MOVE = YES;
				CLANG_WARN_UNGUARDED_AVAILABILITY = YES_AGGRESSIVE;
				CLANG_WARN_UNREACHABLE_CODE = YES;
				CLANG_WARN__DUPLICATE_METHOD_MATCH = YES;
				COPY_PHASE_STRIP = NO;
				DEBUG_INFORMATION_FORMAT = "dwarf-with-dsym";
				ENABLE_NS_ASSERTIONS = NO;
				ENABLE_STRICT_OBJC_MSGSEND = YES;
				GCC_C_LANGUAGE_STANDARD = gnu11;
				GCC_NO_COMMON_BLOCKS = YES;
				GCC_WARN_64_TO_32_BIT_CONVERSION = YES;
				GCC_WARN_ABOUT_RETURN_TYPE = YES_ERROR;
				GCC_WARN_UNDECLARED_SELECTOR = YES;
				GCC_WARN_UNINITIALIZED_AUTOS = YES_AGGRESSIVE;
				GCC_WARN_UNUSED_FUNCTION = YES;
				GCC_WARN_UNUSED_VARIABLE = YES;
				IPHONEOS_DEPLOYMENT_TARGET = 14.5;
				MTL_ENABLE_DEBUG_INFO = NO;
				MTL_FAST_MATH = YES;
				SDKROOT = iphoneos;
				SWIFT_COMPILATION_MODE = wholemodule;
				SWIFT_OPTIMIZATION_LEVEL = "-O";
				VALIDATE_PRODUCT = YES;
			};
			name = Release;
		};
		49903C62267C6AE700814BA6 /* Debug */ = {
			isa = XCBuildConfiguration;
			baseConfigurationReference = 3A630C538408D9D823BC97C6 /* Pods-PartyPace.debug.xcconfig */;
			buildSettings = {
				ASSETCATALOG_COMPILER_APPICON_NAME = AppIcon;
				ASSETCATALOG_COMPILER_GLOBAL_ACCENT_COLOR_NAME = AccentColor;
				CODE_SIGN_STYLE = Automatic;
				DEVELOPMENT_TEAM = 659X72BL55;
				INFOPLIST_FILE = PartyPace/Info.plist;
				LD_RUNPATH_SEARCH_PATHS = (
					"$(inherited)",
					"@executable_path/Frameworks",
				);
				PRODUCT_BUNDLE_IDENTIFIER = com.FerdaSoft.PartyPace;
				PRODUCT_NAME = "$(TARGET_NAME)";
				SWIFT_VERSION = 5.0;
				TARGETED_DEVICE_FAMILY = "1,2";
			};
			name = Debug;
		};
		49903C63267C6AE700814BA6 /* Release */ = {
			isa = XCBuildConfiguration;
			baseConfigurationReference = 92815B08FAB1E9B2B9BE55B7 /* Pods-PartyPace.release.xcconfig */;
			buildSettings = {
				ASSETCATALOG_COMPILER_APPICON_NAME = AppIcon;
				ASSETCATALOG_COMPILER_GLOBAL_ACCENT_COLOR_NAME = AccentColor;
				CODE_SIGN_STYLE = Automatic;
				DEVELOPMENT_TEAM = 659X72BL55;
				INFOPLIST_FILE = PartyPace/Info.plist;
				LD_RUNPATH_SEARCH_PATHS = (
					"$(inherited)",
					"@executable_path/Frameworks",
				);
				PRODUCT_BUNDLE_IDENTIFIER = com.FerdaSoft.PartyPace;
				PRODUCT_NAME = "$(TARGET_NAME)";
				SWIFT_VERSION = 5.0;
				TARGETED_DEVICE_FAMILY = "1,2";
			};
			name = Release;
		};
/* End XCBuildConfiguration section */

/* Begin XCConfigurationList section */
		49903C48267C6AE500814BA6 /* Build configuration list for PBXProject "PartyPace" */ = {
			isa = XCConfigurationList;
			buildConfigurations = (
				49903C5F267C6AE700814BA6 /* Debug */,
				49903C60267C6AE700814BA6 /* Release */,
			);
			defaultConfigurationIsVisible = 0;
			defaultConfigurationName = Release;
		};
		49903C61267C6AE700814BA6 /* Build configuration list for PBXNativeTarget "PartyPace" */ = {
			isa = XCConfigurationList;
			buildConfigurations = (
				49903C62267C6AE700814BA6 /* Debug */,
				49903C63267C6AE700814BA6 /* Release */,
			);
			defaultConfigurationIsVisible = 0;
			defaultConfigurationName = Release;
		};
/* End XCConfigurationList section */
	};
	rootObject = 49903C45267C6AE500814BA6 /* Project object */;
}
